// !$*UTF8*$!
{
	archiveVersion = 1;
	classes = {
	};
	objectVersion = 50;
	objects = {

/* Begin PBXBuildFile section */
		E4D69BB92608A16900F9B4EA /* AppDelegate.swift in Sources */ = {isa = PBXBuildFile; fileRef = E4D69BB82608A16900F9B4EA /* AppDelegate.swift */; };
		E4D69BBB2608A16900F9B4EA /* SceneDelegate.swift in Sources */ = {isa = PBXBuildFile; fileRef = E4D69BBA2608A16900F9B4EA /* SceneDelegate.swift */; };
		E4D69BBD2608A16900F9B4EA /* ViewController.swift in Sources */ = {isa = PBXBuildFile; fileRef = E4D69BBC2608A16900F9B4EA /* ViewController.swift */; };
		E4D69BC02608A16900F9B4EA /* Main.storyboard in Resources */ = {isa = PBXBuildFile; fileRef = E4D69BBE2608A16900F9B4EA /* Main.storyboard */; };
		E4D69BC22608A16A00F9B4EA /* Assets.xcassets in Resources */ = {isa = PBXBuildFile; fileRef = E4D69BC12608A16A00F9B4EA /* Assets.xcassets */; };
		E4D69BC52608A16A00F9B4EA /* LaunchScreen.storyboard in Resources */ = {isa = PBXBuildFile; fileRef = E4D69BC32608A16A00F9B4EA /* LaunchScreen.storyboard */; };
/* End PBXBuildFile section */

/* Begin PBXFileReference section */
		E4D69BB52608A16900F9B4EA /* SportzInteractiveApp.app */ = {isa = PBXFileReference; explicitFileType = wrapper.application; includeInIndex = 0; path = SportzInteractiveApp.app; sourceTree = BUILT_PRODUCTS_DIR; };
		E4D69BB82608A16900F9B4EA /* AppDelegate.swift */ = {isa = PBXFileReference; lastKnownFileType = sourcecode.swift; path = AppDelegate.swift; sourceTree = "<group>"; };
		E4D69BBA2608A16900F9B4EA /* SceneDelegate.swift */ = {isa = PBXFileReference; lastKnownFileType = sourcecode.swift; path = SceneDelegate.swift; sourceTree = "<group>"; };
		E4D69BBC2608A16900F9B4EA /* ViewController.swift */ = {isa = PBXFileReference; lastKnownFileType = sourcecode.swift; path = ViewController.swift; sourceTree = "<group>"; };
		E4D69BBF2608A16900F9B4EA /* Base */ = {isa = PBXFileReference; lastKnownFileType = file.storyboard; name = Base; path = Base.lproj/Main.storyboard; sourceTree = "<group>"; };
		E4D69BC12608A16A00F9B4EA /* Assets.xcassets */ = {isa = PBXFileReference; lastKnownFileType = folder.assetcatalog; path = Assets.xcassets; sourceTree = "<group>"; };
		E4D69BC42608A16A00F9B4EA /* Base */ = {isa = PBXFileReference; lastKnownFileType = file.storyboard; name = Base; path = Base.lproj/LaunchScreen.storyboard; sourceTree = "<group>"; };
		E4D69BC62608A16A00F9B4EA /* Info.plist */ = {isa = PBXFileReference; lastKnownFileType = text.plist.xml; path = Info.plist; sourceTree = "<group>"; };
/* End PBXFileReference section */

/* Begin PBXFrameworksBuildPhase section */
		E4D69BB22608A16900F9B4EA /* Frameworks */ = {
			isa = PBXFrameworksBuildPhase;
			buildActionMask = 2147483647;
			files = (
			);
			runOnlyForDeploymentPostprocessing = 0;
		};
/* End PBXFrameworksBuildPhase section */

/* Begin PBXGroup section */
		E4D69BAC2608A16900F9B4EA = {
			isa = PBXGroup;
			children = (
				E4D69BB72608A16900F9B4EA /* SportzInteractiveApp */,
				E4D69BB62608A16900F9B4EA /* Products */,
			);
			sourceTree = "<group>";
		};
		E4D69BB62608A16900F9B4EA /* Products */ = {
			isa = PBXGroup;
			children = (
				E4D69BB52608A16900F9B4EA /* SportzInteractiveApp.app */,
			);
			name = Products;
			sourceTree = "<group>";
		};
		E4D69BB72608A16900F9B4EA /* SportzInteractiveApp */ = {
			isa = PBXGroup;
			children = (
				E4D69BB82608A16900F9B4EA /* AppDelegate.swift */,
				E4D69BBA2608A16900F9B4EA /* SceneDelegate.swift */,
				E4D69BBC2608A16900F9B4EA /* ViewController.swift */,
				E4D69BBE2608A16900F9B4EA /* Main.storyboard */,
				E4D69BC12608A16A00F9B4EA /* Assets.xcassets */,
				E4D69BC32608A16A00F9B4EA /* LaunchScreen.storyboard */,
				E4D69BC62608A16A00F9B4EA /* Info.plist */,
			);
			path = SportzInteractiveApp;
			sourceTree = "<group>";
		};
/* End PBXGroup section */

/* Begin PBXNativeTarget section */
		E4D69BB42608A16900F9B4EA /* SportzInteractiveApp */ = {
			isa = PBXNativeTarget;
			buildConfigurationList = E4D69BC92608A16A00F9B4EA /* Build configuration list for PBXNativeTarget "SportzInteractiveApp" */;
			buildPhases = (
				E4D69BB12608A16900F9B4EA /* Sources */,
				E4D69BB22608A16900F9B4EA /* Frameworks */,
				E4D69BB32608A16900F9B4EA /* Resources */,
			);
			buildRules = (
			);
			dependencies = (
			);
			name = SportzInteractiveApp;
			productName = SportzInteractiveApp;
			productReference = E4D69BB52608A16900F9B4EA /* SportzInteractiveApp.app */;
			productType = "com.apple.product-type.application";
		};
/* End PBXNativeTarget section */

/* Begin PBXProject section */
		E4D69BAD2608A16900F9B4EA /* Project object */ = {
			isa = PBXProject;
			attributes = {
				LastSwiftUpdateCheck = 1240;
				LastUpgradeCheck = 1240;
				TargetAttributes = {
					E4D69BB42608A16900F9B4EA = {
						CreatedOnToolsVersion = 12.4;
					};
				};
			};
			buildConfigurationList = E4D69BB02608A16900F9B4EA /* Build configuration list for PBXProject "SportzInteractiveApp" */;
			compatibilityVersion = "Xcode 9.3";
			developmentRegion = en;
			hasScannedForEncodings = 0;
			knownRegions = (
				en,
				Base,
			);
			mainGroup = E4D69BAC2608A16900F9B4EA;
			productRefGroup = E4D69BB62608A16900F9B4EA /* Products */;
			projectDirPath = "";
			projectRoot = "";
			targets = (
				E4D69BB42608A16900F9B4EA /* SportzInteractiveApp */,
			);
		};
/* End PBXProject section */

/* Begin PBXResourcesBuildPhase section */
		E4D69BB32608A16900F9B4EA /* Resources */ = {
			isa = PBXResourcesBuildPhase;
			buildActionMask = 2147483647;
			files = (
				E4D69BC52608A16A00F9B4EA /* LaunchScreen.storyboard in Resources */,
				E4D69BC22608A16A00F9B4EA /* Assets.xcassets in Resources */,
				E4D69BC02608A16900F9B4EA /* Main.storyboard in Resources */,
			);
			runOnlyForDeploymentPostprocessing = 0;
		};
/* End PBXResourcesBuildPhase section */

/* Begin PBXSourcesBuildPhase section */
		E4D69BB12608A16900F9B4EA /* Sources */ = {
			isa = PBXSourcesBuildPhase;
			buildActionMask = 2147483647;
			files = (
				E4D69BBD2608A16900F9B4EA /* ViewController.swift in Sources */,
				E4D69BB92608A16900F9B4EA /* AppDelegate.swift in Sources */,
				E4D69BBB2608A16900F9B4EA /* SceneDelegate.swift in Sources */,
			);
			runOnlyForDeploymentPostprocessing = 0;
		};
/* End PBXSourcesBuildPhase section */

/* Begin PBXVariantGroup section */
		E4D69BBE2608A16900F9B4EA /* Main.storyboard */ = {
			isa = PBXVariantGroup;
			children = (
				E4D69BBF2608A16900F9B4EA /* Base */,
			);
			name = Main.storyboard;
			sourceTree = "<group>";
		};
		E4D69BC32608A16A00F9B4EA /* LaunchScreen.storyboard */ = {
			isa = PBXVariantGroup;
			children = (
				E4D69BC42608A16A00F9B4EA /* Base */,
			);
			name = LaunchScreen.storyboard;
			sourceTree = "<group>";
		};
/* End PBXVariantGroup section */

/* Begin XCBuildConfiguration section */
		E4D69BC72608A16A00F9B4EA /* Debug */ = {
			isa = XCBuildConfiguration;
			buildSettings = {
				ALWAYS_SEARCH_USER_PATHS = NO;
				CLANG_ANALYZER_NONNULL = YES;
				CLANG_ANALYZER_NUMBER_OBJECT_CONVERSION = YES_AGGRESSIVE;
				CLANG_CXX_LANGUAGE_STANDARD = "gnu++14";
				CLANG_CXX_LIBRARY = "libc++";
				CLANG_ENABLE_MODULES = YES;
				CLANG_ENABLE_OBJC_ARC = YES;
				CLANG_ENABLE_OBJC_WEAK = YES;
				CLANG_WARN_BLOCK_CAPTURE_AUTORELEASING = YES;
				CLANG_WARN_BOOL_CONVERSION = YES;
				CLANG_WARN_COMMA = YES;
				CLANG_WARN_CONSTANT_CONVERSION = YES;
				CLANG_WARN_DEPRECATED_OBJC_IMPLEMENTATIONS = YES;
				CLANG_WARN_DIRECT_OBJC_ISA_USAGE = YES_ERROR;
				CLANG_WARN_DOCUMENTATION_COMMENTS = YES;
				CLANG_WARN_EMPTY_BODY = YES;
				CLANG_WARN_ENUM_CONVERSION = YES;
				CLANG_WARN_INFINITE_RECURSION = YES;
				CLANG_WARN_INT_CONVERSION = YES;
				CLANG_WARN_NON_LITERAL_NULL_CONVERSION = YES;
				CLANG_WARN_OBJC_IMPLICIT_RETAIN_SELF = YES;
				CLANG_WARN_OBJC_LITERAL_CONVERSION = YES;
				CLANG_WARN_OBJC_ROOT_CLASS = YES_ERROR;
				CLANG_WARN_QUOTED_INCLUDE_IN_FRAMEWORK_HEADER = YES;
				CLANG_WARN_RANGE_LOOP_ANALYSIS = YES;
				CLANG_WARN_STRICT_PROTOTYPES = YES;
				CLANG_WARN_SUSPICIOUS_MOVE = YES;
				CLANG_WARN_UNGUARDED_AVAILABILITY = YES_AGGRESSIVE;
				CLANG_WARN_UNREACHABLE_CODE = YES;
				CLANG_WARN__DUPLICATE_METHOD_MATCH = YES;
				COPY_PHASE_STRIP = NO;
				DEBUG_INFORMATION_FORMAT = dwarf;
				ENABLE_STRICT_OBJC_MSGSEND = YES;
				ENABLE_TESTABILITY = YES;
				GCC_C_LANGUAGE_STANDARD = gnu11;
				GCC_DYNAMIC_NO_PIC = NO;
				GCC_NO_COMMON_BLOCKS = YES;
				GCC_OPTIMIZATION_LEVEL = 0;
				GCC_PREPROCESSOR_DEFINITIONS = (
					"DEBUG=1",
					"$(inherited)",
				);
				GCC_WARN_64_TO_32_BIT_CONVERSION = YES;
				GCC_WARN_ABOUT_RETURN_TYPE = YES_ERROR;
				GCC_WARN_UNDECLARED_SELECTOR = YES;
				GCC_WARN_UNINITIALIZED_AUTOS = YES_AGGRESSIVE;
				GCC_WARN_UNUSED_FUNCTION = YES;
				GCC_WARN_UNUSED_VARIABLE = YES;
				IPHONEOS_DEPLOYMENT_TARGET = 14.4;
				MTL_ENABLE_DEBUG_INFO = INCLUDE_SOURCE;
				MTL_FAST_MATH = YES;
				ONLY_ACTIVE_ARCH = YES;
				SDKROOT = iphoneos;
				SWIFT_ACTIVE_COMPILATION_CONDITIONS = DEBUG;
				SWIFT_OPTIMIZATION_LEVEL = "-Onone";
			};
			name = Debug;
		};
		E4D69BC82608A16A00F9B4EA /* Release */ = {
			isa = XCBuildConfiguration;
			buildSettings = {
				ALWAYS_SEARCH_USER_PATHS = NO;
				CLANG_ANALYZER_NONNULL = YES;
				CLANG_ANALYZER_NUMBER_OBJECT_CONVERSION = YES_AGGRESSIVE;
				CLANG_CXX_LANGUAGE_STANDARD = "gnu++14";
				CLANG_CXX_LIBRARY = "libc++";
				CLANG_ENABLE_MODULES = YES;
				CLANG_ENABLE_OBJC_ARC = YES;
				CLANG_ENABLE_OBJC_WEAK = YES;
				CLANG_WARN_BLOCK_CAPTURE_AUTORELEASING = YES;
				CLANG_WARN_BOOL_CONVERSION = YES;
				CLANG_WARN_COMMA = YES;
				CLANG_WARN_CONSTANT_CONVERSION = YES;
				CLANG_WARN_DEPRECATED_OBJC_IMPLEMENTATIONS = YES;
				CLANG_WARN_DIRECT_OBJC_ISA_USAGE = YES_ERROR;
				CLANG_WARN_DOCUMENTATION_COMMENTS = YES;
				CLANG_WARN_EMPTY_BODY = YES;
				CLANG_WARN_ENUM_CONVERSION = YES;
				CLANG_WARN_INFINITE_RECURSION = YES;
				CLANG_WARN_INT_CONVERSION = YES;
				CLANG_WARN_NON_LITERAL_NULL_CONVERSION = YES;
				CLANG_WARN_OBJC_IMPLICIT_RETAIN_SELF = YES;
				CLANG_WARN_OBJC_LITERAL_CONVERSION = YES;
				CLANG_WARN_OBJC_ROOT_CLASS = YES_ERROR;
				CLANG_WARN_QUOTED_INCLUDE_IN_FRAMEWORK_HEADER = YES;
				CLANG_WARN_RANGE_LOOP_ANALYSIS = YES;
				CLANG_WARN_STRICT_PROTOTYPES = YES;
				CLANG_WARN_SUSPICIOUS_MOVE = YES;
				CLANG_WARN_UNGUARDED_AVAILABILITY = YES_AGGRESSIVE;
				CLANG_WARN_UNREACHABLE_CODE = YES;
				CLANG_WARN__DUPLICATE_METHOD_MATCH = YES;
				COPY_PHASE_STRIP = NO;
				DEBUG_INFORMATION_FORMAT = "dwarf-with-dsym";
				ENABLE_NS_ASSERTIONS = NO;
				ENABLE_STRICT_OBJC_MSGSEND = YES;
				GCC_C_LANGUAGE_STANDARD = gnu11;
				GCC_NO_COMMON_BLOCKS = YES;
				GCC_WARN_64_TO_32_BIT_CONVERSION = YES;
				GCC_WARN_ABOUT_RETURN_TYPE = YES_ERROR;
				GCC_WARN_UNDECLARED_SELECTOR = YES;
				GCC_WARN_UNINITIALIZED_AUTOS = YES_AGGRESSIVE;
				GCC_WARN_UNUSED_FUNCTION = YES;
				GCC_WARN_UNUSED_VARIABLE = YES;
				IPHONEOS_DEPLOYMENT_TARGET = 14.4;
				MTL_ENABLE_DEBUG_INFO = NO;
				MTL_FAST_MATH = YES;
				SDKROOT = iphoneos;
				SWIFT_COMPILATION_MODE = wholemodule;
				SWIFT_OPTIMIZATION_LEVEL = "-O";
				VALIDATE_PRODUCT = YES;
			};
			name = Release;
		};
		E4D69BCA2608A16A00F9B4EA /* Debug */ = {
			isa = XCBuildConfiguration;
			buildSettings = {
				ASSETCATALOG_COMPILER_APPICON_NAME = AppIcon;
				ASSETCATALOG_COMPILER_GLOBAL_ACCENT_COLOR_NAME = AccentColor;
				CODE_SIGN_STYLE = Automatic;
				DEVELOPMENT_TEAM = JC959F8T7E;
				INFOPLIST_FILE = SportzInteractiveApp/Info.plist;
				LD_RUNPATH_SEARCH_PATHS = (
					"$(inherited)",
					"@executable_path/Frameworks",
				);
				PRODUCT_BUNDLE_IDENTIFIER = com.ameya.SportzInteractiveApp;
				PRODUCT_NAME = "$(TARGET_NAME)";
				SWIFT_VERSION = 5.0;
				TARGETED_DEVICE_FAMILY = "1,2";
			};
			name = Debug;
		};
		E4D69BCB2608A16A00F9B4EA /* Release */ = {
			isa = XCBuildConfiguration;
			buildSettings = {
				ASSETCATALOG_COMPILER_APPICON_NAME = AppIcon;
				ASSETCATALOG_COMPILER_GLOBAL_ACCENT_COLOR_NAME = AccentColor;
				CODE_SIGN_STYLE = Automatic;
				DEVELOPMENT_TEAM = JC959F8T7E;
				INFOPLIST_FILE = SportzInteractiveApp/Info.plist;
				LD_RUNPATH_SEARCH_PATHS = (
					"$(inherited)",
					"@executable_path/Frameworks",
				);
				PRODUCT_BUNDLE_IDENTIFIER = com.ameya.SportzInteractiveApp;
				PRODUCT_NAME = "$(TARGET_NAME)";
				SWIFT_VERSION = 5.0;
				TARGETED_DEVICE_FAMILY = "1,2";
			};
			name = Release;
		};
/* End XCBuildConfiguration section */

/* Begin XCConfigurationList section */
		E4D69BB02608A16900F9B4EA /* Build configuration list for PBXProject "SportzInteractiveApp" */ = {
			isa = XCConfigurationList;
			buildConfigurations = (
				E4D69BC72608A16A00F9B4EA /* Debug */,
				E4D69BC82608A16A00F9B4EA /* Release */,
			);
			defaultConfigurationIsVisible = 0;
			defaultConfigurationName = Release;
		};
		E4D69BC92608A16A00F9B4EA /* Build configuration list for PBXNativeTarget "SportzInteractiveApp" */ = {
			isa = XCConfigurationList;
			buildConfigurations = (
				E4D69BCA2608A16A00F9B4EA /* Debug */,
				E4D69BCB2608A16A00F9B4EA /* Release */,
			);
			defaultConfigurationIsVisible = 0;
			defaultConfigurationName = Release;
		};
/* End XCConfigurationList section */
	};
	rootObject = E4D69BAD2608A16900F9B4EA /* Project object */;
}
